<?xml version="1.0" encoding="utf-8"?>
<Project ToolsVersion="4.0" xmlns="http://schemas.microsoft.com/developer/msbuild/2003">
  <ItemGroup>
    <Filter Include="99. Default">
      <UniqueIdentifier>{2a10b7d1-9908-400c-a492-1995245fa1e0}</UniqueIdentifier>
    </Filter>
    <Filter Include="00. MainApp">
      <UniqueIdentifier>{1ded90f0-3f1a-446e-8e11-a88fa2656e91}</UniqueIdentifier>
    </Filter>
    <Filter Include="97. Imgui">
      <UniqueIdentifier>{a4acb887-866b-4576-a8bb-a1a613797901}</UniqueIdentifier>
    </Filter>
    <Filter Include="98. Define">
      <UniqueIdentifier>{14cc22d3-918a-4575-ac17-dde4d60aad62}</UniqueIdentifier>
    </Filter>
    <Filter Include="97. Imgui\Manager">
      <UniqueIdentifier>{901ff5b8-d46c-422b-a35f-a6be33759721}</UniqueIdentifier>
    </Filter>
    <Filter Include="97. Imgui\Dependency">
      <UniqueIdentifier>{81755cac-e94b-4be7-86bf-55d1f7fce6c9}</UniqueIdentifier>
    </Filter>
    <Filter Include="01. Tool">
      <UniqueIdentifier>{e74a81c5-0205-49b3-ac94-5f9794d8e86d}</UniqueIdentifier>
    </Filter>
    <Filter Include="01. Tool\Loader">
      <UniqueIdentifier>{9df901fd-4234-4b17-b3b9-2b9fb28c73e6}</UniqueIdentifier>
    </Filter>
  </ItemGroup>
  <ItemGroup>
    <ClInclude Include="framework.h">
      <Filter>99. Default</Filter>
    </ClInclude>
    <ClInclude Include="Resource.h">
      <Filter>99. Default</Filter>
    </ClInclude>
    <ClInclude Include="targetver.h">
      <Filter>99. Default</Filter>
    </ClInclude>
    <ClInclude Include="Tool.h">
      <Filter>99. Default</Filter>
    </ClInclude>
    <ClInclude Include="..\Public\ToolPch.h">
      <Filter>98. Define</Filter>
    </ClInclude>
    <ClInclude Include="..\Public\Tool_Defines.h">
      <Filter>98. Define</Filter>
    </ClInclude>
    <ClInclude Include="..\Public\Tool_Struct.h">
      <Filter>98. Define</Filter>
    </ClInclude>
    <ClInclude Include="..\Public\Imgui_Manager.h">
      <Filter>97. Imgui\Manager</Filter>
    </ClInclude>
    <ClInclude Include="..\Public\imconfig.h">
      <Filter>97. Imgui\Dependency</Filter>
    </ClInclude>
    <ClInclude Include="..\Public\imgui.h">
      <Filter>97. Imgui\Dependency</Filter>
    </ClInclude>
    <ClInclude Include="..\Public\Imgui_Define.h">
      <Filter>97. Imgui\Dependency</Filter>
    </ClInclude>
    <ClInclude Include="..\Public\imgui_impl_dx11.h">
      <Filter>97. Imgui\Dependency</Filter>
    </ClInclude>
    <ClInclude Include="..\Public\imgui_impl_win32.h">
      <Filter>97. Imgui\Dependency</Filter>
    </ClInclude>
    <ClInclude Include="..\Public\imgui_internal.h">
      <Filter>97. Imgui\Dependency</Filter>
    </ClInclude>
    <ClInclude Include="..\Public\imstb_rectpack.h">
      <Filter>97. Imgui\Dependency</Filter>
    </ClInclude>
    <ClInclude Include="..\Public\imstb_textedit.h">
      <Filter>97. Imgui\Dependency</Filter>
    </ClInclude>
    <ClInclude Include="..\Public\imstb_truetype.h">
      <Filter>97. Imgui\Dependency</Filter>
    </ClInclude>
    <ClInclude Include="..\Public\Tool_MainApp.h">
      <Filter>00. MainApp</Filter>
    </ClInclude>
    <ClInclude Include="..\public\Map_Tool.h">
      <Filter>01. Tool</Filter>
    </ClInclude>
    <ClInclude Include="..\Public\ImGuiFileDialog.h">
      <Filter>97. Imgui\Dependency</Filter>
    </ClInclude>
    <ClInclude Include="..\Public\ImGuiFileDialogConfig.h">
      <Filter>97. Imgui\Dependency</Filter>
    </ClInclude>
  </ItemGroup>
  <ItemGroup>
    <Image Include="small.ico">
      <Filter>99. Default</Filter>
    </Image>
    <Image Include="Tool.ico">
      <Filter>99. Default</Filter>
    </Image>
  </ItemGroup>
  <ItemGroup>
    <ClCompile Include="Tool.cpp">
      <Filter>99. Default</Filter>
    </ClCompile>
    <ClCompile Include="..\Private\ToolPch.cpp">
      <Filter>98. Define</Filter>
    </ClCompile>
    <ClCompile Include="..\Private\Imgui_Manager.cpp">
      <Filter>97. Imgui\Manager</Filter>
    </ClCompile>
    <ClCompile Include="..\Private\imgui_impl_win32.cpp">
      <Filter>97. Imgui\Dependency</Filter>
    </ClCompile>
    <ClCompile Include="..\Private\imgui_tables.cpp">
      <Filter>97. Imgui\Dependency</Filter>
    </ClCompile>
    <ClCompile Include="..\Private\imgui_widgets.cpp">
      <Filter>97. Imgui\Dependency</Filter>
    </ClCompile>
    <ClCompile Include="..\Private\imgui.cpp">
      <Filter>97. Imgui\Dependency</Filter>
    </ClCompile>
    <ClCompile Include="..\Private\imgui_demo.cpp">
      <Filter>97. Imgui\Dependency</Filter>
    </ClCompile>
    <ClCompile Include="..\Private\imgui_draw.cpp">
      <Filter>97. Imgui\Dependency</Filter>
    </ClCompile>
    <ClCompile Include="..\Private\imgui_impl_dx11.cpp">
      <Filter>97. Imgui\Dependency</Filter>
    </ClCompile>
    <ClCompile Include="..\Private\Tool_MainApp.cpp">
      <Filter>00. MainApp</Filter>
    </ClCompile>
    <ClCompile Include="..\private\Map_Tool.cpp">
      <Filter>01. Tool</Filter>
    </ClCompile>
    <ClCompile Include="..\Private\ImGuiFileDialog.cpp">
      <Filter>97. Imgui\Dependency</Filter>
    </ClCompile>
  </ItemGroup>
  <ItemGroup>
    <ResourceCompile Include="Tool.rc">
      <Filter>99. Default</Filter>
    </ResourceCompile>
  </ItemGroup>
</Project>